
Microsoft Visual Studio Solution File, Format Version 12.00
# Visual Studio Version 17
VisualStudioVersion = 17.4.33103.184
MinimumVisualStudioVersion = 10.0.40219.1
Project("{FAE04EC0-301F-11D3-BF4B-00C04F79EFBC}") = "Zadacha", "Zadacha\Zadacha.csproj", "{E57D4B62-6E21-42A5-BDE3-B0324870E17A}"
EndProject
Global
	GlobalSection(SolutionConfigurationPlatforms) = preSolution
		Debug|Any CPU = Debug|Any CPU
		Release|Any CPU = Release|Any CPU
	EndGlobalSection
	GlobalSection(ProjectConfigurationPlatforms) = postSolution
		{E57D4B62-6E21-42A5-BDE3-B0324870E17A}.Debug|Any CPU.ActiveCfg = Debug|Any CPU
		{E57D4B62-6E21-42A5-BDE3-B0324870E17A}.Debug|Any CPU.Build.0 = Debug|Any CPU
		{E57D4B62-6E21-42A5-BDE3-B0324870E17A}.Release|Any CPU.ActiveCfg = Release|Any CPU
		{E57D4B62-6E21-42A5-BDE3-B0324870E17A}.Release|Any CPU.Build.0 = Release|Any CPU
	EndGlobalSection
	GlobalSection(SolutionProperties) = preSolution
		HideSolutionNode = FALSE
	EndGlobalSection
	GlobalSection(ExtensibilityGlobals) = postSolution
		SolutionGuid = {03B31604-EFEB-450C-8F74-28532DABE980}
	EndGlobalSection
EndGlobal
